
Microsoft Visual Studio Solution File, Format Version 12.00
# Visual Studio Version 17
VisualStudioVersion = 17.9.34616.47
MinimumVisualStudioVersion = 10.0.40219.1
Project("{9A19103F-16F7-4668-BE54-9A1E7A4F7556}") = "mark.davison.finance.web.ui.tests", "web\test\mark.davison.finance.web.ui.tests\mark.davison.finance.web.ui.tests.csproj", "{14F3B7B2-4DC4-4126-89C3-2B22D1488975}"
EndProject
Project("{9A19103F-16F7-4668-BE54-9A1E7A4F7556}") = "mark.davison.finance.accounting.constants", "shared\mark.davison.finance.accounting.constants\mark.davison.finance.accounting.constants.csproj", "{099BA846-9108-4140-8771-E38F40A9EE00}"
EndProject
Project("{9A19103F-16F7-4668-BE54-9A1E7A4F7556}") = "mark.davison.finance.shared.constants", "shared\mark.davison.finance.shared.constants\mark.davison.finance.shared.constants.csproj", "{BE4BFA2A-84E5-46CA-B193-C75FECE704DC}"
EndProject
Global
	GlobalSection(SolutionConfigurationPlatforms) = preSolution
		Debug|Any CPU = Debug|Any CPU
		Release|Any CPU = Release|Any CPU
	EndGlobalSection
	GlobalSection(ProjectConfigurationPlatforms) = postSolution
		{14F3B7B2-4DC4-4126-89C3-2B22D1488975}.Debug|Any CPU.ActiveCfg = Debug|Any CPU
		{14F3B7B2-4DC4-4126-89C3-2B22D1488975}.Debug|Any CPU.Build.0 = Debug|Any CPU
		{14F3B7B2-4DC4-4126-89C3-2B22D1488975}.Release|Any CPU.ActiveCfg = Release|Any CPU
		{14F3B7B2-4DC4-4126-89C3-2B22D1488975}.Release|Any CPU.Build.0 = Release|Any CPU
		{099BA846-9108-4140-8771-E38F40A9EE00}.Debug|Any CPU.ActiveCfg = Debug|Any CPU
		{099BA846-9108-4140-8771-E38F40A9EE00}.Debug|Any CPU.Build.0 = Debug|Any CPU
		{099BA846-9108-4140-8771-E38F40A9EE00}.Release|Any CPU.ActiveCfg = Release|Any CPU
		{099BA846-9108-4140-8771-E38F40A9EE00}.Release|Any CPU.Build.0 = Release|Any CPU
		{BE4BFA2A-84E5-46CA-B193-C75FECE704DC}.Debug|Any CPU.ActiveCfg = Debug|Any CPU
		{BE4BFA2A-84E5-46CA-B193-C75FECE704DC}.Debug|Any CPU.Build.0 = Debug|Any CPU
		{BE4BFA2A-84E5-46CA-B193-C75FECE704DC}.Release|Any CPU.ActiveCfg = Release|Any CPU
		{BE4BFA2A-84E5-46CA-B193-C75FECE704DC}.Release|Any CPU.Build.0 = Release|Any CPU
	EndGlobalSection
	GlobalSection(SolutionProperties) = preSolution
		HideSolutionNode = FALSE
	EndGlobalSection
	GlobalSection(ExtensibilityGlobals) = postSolution
		SolutionGuid = {96F248E9-E7DF-4B55-80A7-B4B8672D6435}
	EndGlobalSection
EndGlobal
